
Microsoft Visual Studio Solution File, Format Version 12.00
# Visual Studio Version 17
VisualStudioVersion = 17.9.34723.18
MinimumVisualStudioVersion = 10.0.40219.1
Project("{FAE04EC0-301F-11D3-BF4B-00C04F79EFBC}") = "HomeWork16_17", "HomeWork16_17\HomeWork16_17.csproj", "{B31DA202-7902-4D9A-8D48-C5EB1350E3B6}"
EndProject
Global
	GlobalSection(SolutionConfigurationPlatforms) = preSolution
		Debug|Any CPU = Debug|Any CPU
		Release|Any CPU = Release|Any CPU
	EndGlobalSection
	GlobalSection(ProjectConfigurationPlatforms) = postSolution
		{B31DA202-7902-4D9A-8D48-C5EB1350E3B6}.Debug|Any CPU.ActiveCfg = Debug|Any CPU
		{B31DA202-7902-4D9A-8D48-C5EB1350E3B6}.Debug|Any CPU.Build.0 = Debug|Any CPU
		{B31DA202-7902-4D9A-8D48-C5EB1350E3B6}.Release|Any CPU.ActiveCfg = Release|Any CPU
		{B31DA202-7902-4D9A-8D48-C5EB1350E3B6}.Release|Any CPU.Build.0 = Release|Any CPU
	EndGlobalSection
	GlobalSection(SolutionProperties) = preSolution
		HideSolutionNode = FALSE
	EndGlobalSection
	GlobalSection(ExtensibilityGlobals) = postSolution
		SolutionGuid = {97B96A5E-E61F-43E0-A976-C0248E4ECD55}
	EndGlobalSection
EndGlobal
