
Microsoft Visual Studio Solution File, Format Version 12.00
# Visual Studio Version 17
VisualStudioVersion = 17.8.34408.163
MinimumVisualStudioVersion = 10.0.40219.1
Project("{9A19103F-16F7-4668-BE54-9A1E7A4F7556}") = "SampleWebApiWithDb", "SampleWebApiWithDb\SampleWebApiWithDb.csproj", "{AB5AEC14-3577-4C0A-9A62-765687F066CB}"
EndProject
Project("{9A19103F-16F7-4668-BE54-9A1E7A4F7556}") = "DataAccessLayer", "DataAccessLayer\DataAccessLayer.csproj", "{318D2A19-B7A9-47C0-A64E-3B1719629AE6}"
EndProject
Project("{9A19103F-16F7-4668-BE54-9A1E7A4F7556}") = "BuisnessLayer", "BuisnessLayer\BuisnessLayer.csproj", "{803594B6-64E0-468B-89F1-F79EC0FC7668}"
EndProject
Project("{FAE04EC0-301F-11D3-BF4B-00C04F79EFBC}") = "BuisnessLayer.Tests", "BuisnessLayer.Tests\BuisnessLayer.Tests.csproj", "{63E8BAD7-B1A9-4CE7-BC2B-08F78ACD753E}"
EndProject
Global
	GlobalSection(SolutionConfigurationPlatforms) = preSolution
		Debug|Any CPU = Debug|Any CPU
		Release|Any CPU = Release|Any CPU
	EndGlobalSection
	GlobalSection(ProjectConfigurationPlatforms) = postSolution
		{AB5AEC14-3577-4C0A-9A62-765687F066CB}.Debug|Any CPU.ActiveCfg = Debug|Any CPU
		{AB5AEC14-3577-4C0A-9A62-765687F066CB}.Debug|Any CPU.Build.0 = Debug|Any CPU
		{AB5AEC14-3577-4C0A-9A62-765687F066CB}.Release|Any CPU.ActiveCfg = Release|Any CPU
		{AB5AEC14-3577-4C0A-9A62-765687F066CB}.Release|Any CPU.Build.0 = Release|Any CPU
		{318D2A19-B7A9-47C0-A64E-3B1719629AE6}.Debug|Any CPU.ActiveCfg = Debug|Any CPU
		{318D2A19-B7A9-47C0-A64E-3B1719629AE6}.Debug|Any CPU.Build.0 = Debug|Any CPU
		{318D2A19-B7A9-47C0-A64E-3B1719629AE6}.Release|Any CPU.ActiveCfg = Release|Any CPU
		{318D2A19-B7A9-47C0-A64E-3B1719629AE6}.Release|Any CPU.Build.0 = Release|Any CPU
		{803594B6-64E0-468B-89F1-F79EC0FC7668}.Debug|Any CPU.ActiveCfg = Debug|Any CPU
		{803594B6-64E0-468B-89F1-F79EC0FC7668}.Debug|Any CPU.Build.0 = Debug|Any CPU
		{803594B6-64E0-468B-89F1-F79EC0FC7668}.Release|Any CPU.ActiveCfg = Release|Any CPU
		{803594B6-64E0-468B-89F1-F79EC0FC7668}.Release|Any CPU.Build.0 = Release|Any CPU
		{63E8BAD7-B1A9-4CE7-BC2B-08F78ACD753E}.Debug|Any CPU.ActiveCfg = Debug|Any CPU
		{63E8BAD7-B1A9-4CE7-BC2B-08F78ACD753E}.Debug|Any CPU.Build.0 = Debug|Any CPU
		{63E8BAD7-B1A9-4CE7-BC2B-08F78ACD753E}.Release|Any CPU.ActiveCfg = Release|Any CPU
		{63E8BAD7-B1A9-4CE7-BC2B-08F78ACD753E}.Release|Any CPU.Build.0 = Release|Any CPU
	EndGlobalSection
	GlobalSection(SolutionProperties) = preSolution
		HideSolutionNode = FALSE
	EndGlobalSection
	GlobalSection(ExtensibilityGlobals) = postSolution
		SolutionGuid = {D5DE7E12-AC33-4B4E-B435-69AA60B31179}
	EndGlobalSection
EndGlobal
