
Microsoft Visual Studio Solution File, Format Version 12.00
# Visual Studio Version 17
VisualStudioVersion = 17.8.34511.84
MinimumVisualStudioVersion = 10.0.40219.1
Project("{FAE04EC0-301F-11D3-BF4B-00C04F79EFBC}") = "HomeWork10", "HomeWork10.csproj", "{AA520037-2560-4A52-9F0C-1D085E23B047}"
EndProject
Global
	GlobalSection(SolutionConfigurationPlatforms) = preSolution
		Debug|Any CPU = Debug|Any CPU
		Release|Any CPU = Release|Any CPU
	EndGlobalSection
	GlobalSection(ProjectConfigurationPlatforms) = postSolution
		{AA520037-2560-4A52-9F0C-1D085E23B047}.Debug|Any CPU.ActiveCfg = Debug|Any CPU
		{AA520037-2560-4A52-9F0C-1D085E23B047}.Debug|Any CPU.Build.0 = Debug|Any CPU
		{AA520037-2560-4A52-9F0C-1D085E23B047}.Release|Any CPU.ActiveCfg = Release|Any CPU
		{AA520037-2560-4A52-9F0C-1D085E23B047}.Release|Any CPU.Build.0 = Release|Any CPU
	EndGlobalSection
	GlobalSection(SolutionProperties) = preSolution
		HideSolutionNode = FALSE
	EndGlobalSection
	GlobalSection(ExtensibilityGlobals) = postSolution
		SolutionGuid = {880EDC77-7403-4A4F-AF4B-7FF14E099E4B}
	EndGlobalSection
EndGlobal
