
Microsoft Visual Studio Solution File, Format Version 12.00
# Visual Studio Version 17
VisualStudioVersion = 17.8.34511.84
MinimumVisualStudioVersion = 10.0.40219.1
Project("{FAE04EC0-301F-11D3-BF4B-00C04F79EFBC}") = "HW13", "HW13\HW13.csproj", "{8E4D8880-7615-4441-9F00-EBDA2318389C}"
EndProject
Global
	GlobalSection(SolutionConfigurationPlatforms) = preSolution
		Debug|Any CPU = Debug|Any CPU
		Release|Any CPU = Release|Any CPU
	EndGlobalSection
	GlobalSection(ProjectConfigurationPlatforms) = postSolution
		{8E4D8880-7615-4441-9F00-EBDA2318389C}.Debug|Any CPU.ActiveCfg = Debug|Any CPU
		{8E4D8880-7615-4441-9F00-EBDA2318389C}.Debug|Any CPU.Build.0 = Debug|Any CPU
		{8E4D8880-7615-4441-9F00-EBDA2318389C}.Release|Any CPU.ActiveCfg = Release|Any CPU
		{8E4D8880-7615-4441-9F00-EBDA2318389C}.Release|Any CPU.Build.0 = Release|Any CPU
	EndGlobalSection
	GlobalSection(SolutionProperties) = preSolution
		HideSolutionNode = FALSE
	EndGlobalSection
	GlobalSection(ExtensibilityGlobals) = postSolution
		SolutionGuid = {78C3E7A2-1638-4A18-B8EA-6C4ADD1B81B4}
	EndGlobalSection
EndGlobal
