
Microsoft Visual Studio Solution File, Format Version 12.00
# Visual Studio Version 17
VisualStudioVersion = 17.8.34511.84
MinimumVisualStudioVersion = 10.0.40219.1
Project("{FAE04EC0-301F-11D3-BF4B-00C04F79EFBC}") = "HomeWork11", "HomeWork11.csproj", "{3431AF14-C94E-4E45-8B56-9D19606B6AA1}"
EndProject
Global
	GlobalSection(SolutionConfigurationPlatforms) = preSolution
		Debug|Any CPU = Debug|Any CPU
		Release|Any CPU = Release|Any CPU
	EndGlobalSection
	GlobalSection(ProjectConfigurationPlatforms) = postSolution
		{3431AF14-C94E-4E45-8B56-9D19606B6AA1}.Debug|Any CPU.ActiveCfg = Debug|Any CPU
		{3431AF14-C94E-4E45-8B56-9D19606B6AA1}.Debug|Any CPU.Build.0 = Debug|Any CPU
		{3431AF14-C94E-4E45-8B56-9D19606B6AA1}.Release|Any CPU.ActiveCfg = Release|Any CPU
		{3431AF14-C94E-4E45-8B56-9D19606B6AA1}.Release|Any CPU.Build.0 = Release|Any CPU
	EndGlobalSection
	GlobalSection(SolutionProperties) = preSolution
		HideSolutionNode = FALSE
	EndGlobalSection
	GlobalSection(ExtensibilityGlobals) = postSolution
		SolutionGuid = {F3923985-3EB0-4FCC-A8C8-0B3D1131A299}
	EndGlobalSection
EndGlobal
