
Microsoft Visual Studio Solution File, Format Version 12.00
Project("{FAE04EC0-301F-11D3-BF4B-00C04F79EFBC}") = "Authorization", "Authorization.csproj", "{C68F1DBD-8F69-4A41-BFA7-B25F9ED2F94C}"
EndProject
Global
	GlobalSection(SolutionConfigurationPlatforms) = preSolution
		Debug|Any CPU = Debug|Any CPU
		Release|Any CPU = Release|Any CPU
	EndGlobalSection
	GlobalSection(ProjectConfigurationPlatforms) = postSolution
		{C68F1DBD-8F69-4A41-BFA7-B25F9ED2F94C}.Debug|Any CPU.ActiveCfg = Debug|Any CPU
		{C68F1DBD-8F69-4A41-BFA7-B25F9ED2F94C}.Debug|Any CPU.Build.0 = Debug|Any CPU
		{C68F1DBD-8F69-4A41-BFA7-B25F9ED2F94C}.Release|Any CPU.ActiveCfg = Release|Any CPU
		{C68F1DBD-8F69-4A41-BFA7-B25F9ED2F94C}.Release|Any CPU.Build.0 = Release|Any CPU
	EndGlobalSection
EndGlobal
