
Microsoft Visual Studio Solution File, Format Version 12.00
# Visual Studio Version 17
VisualStudioVersion = 17.8.34511.84
MinimumVisualStudioVersion = 10.0.40219.1
Project("{FAE04EC0-301F-11D3-BF4B-00C04F79EFBC}") = "DZLesson11", "DZLesson11\DZLesson11.csproj", "{EB7C57B6-A67F-455D-AF52-E1362703641A}"
EndProject
Global
	GlobalSection(SolutionConfigurationPlatforms) = preSolution
		Debug|Any CPU = Debug|Any CPU
		Release|Any CPU = Release|Any CPU
	EndGlobalSection
	GlobalSection(ProjectConfigurationPlatforms) = postSolution
		{EB7C57B6-A67F-455D-AF52-E1362703641A}.Debug|Any CPU.ActiveCfg = Debug|Any CPU
		{EB7C57B6-A67F-455D-AF52-E1362703641A}.Debug|Any CPU.Build.0 = Debug|Any CPU
		{EB7C57B6-A67F-455D-AF52-E1362703641A}.Release|Any CPU.ActiveCfg = Release|Any CPU
		{EB7C57B6-A67F-455D-AF52-E1362703641A}.Release|Any CPU.Build.0 = Release|Any CPU
	EndGlobalSection
	GlobalSection(SolutionProperties) = preSolution
		HideSolutionNode = FALSE
	EndGlobalSection
	GlobalSection(ExtensibilityGlobals) = postSolution
		SolutionGuid = {59675358-F7C8-43B1-A7AC-2BC1DE32F04C}
	EndGlobalSection
EndGlobal
