
Microsoft Visual Studio Solution File, Format Version 12.00
# Visual Studio Version 17
VisualStudioVersion = 17.8.34525.116
MinimumVisualStudioVersion = 10.0.40219.1
Project("{FAE04EC0-301F-11D3-BF4B-00C04F79EFBC}") = "HomeWork12.13.14", "HomeWork12.13.14\HomeWork12.13.14.csproj", "{6A1ABCCF-D7C4-48AE-B85C-EC945744DEE8}"
EndProject
Global
	GlobalSection(SolutionConfigurationPlatforms) = preSolution
		Debug|Any CPU = Debug|Any CPU
		Release|Any CPU = Release|Any CPU
	EndGlobalSection
	GlobalSection(ProjectConfigurationPlatforms) = postSolution
		{6A1ABCCF-D7C4-48AE-B85C-EC945744DEE8}.Debug|Any CPU.ActiveCfg = Debug|Any CPU
		{6A1ABCCF-D7C4-48AE-B85C-EC945744DEE8}.Debug|Any CPU.Build.0 = Debug|Any CPU
		{6A1ABCCF-D7C4-48AE-B85C-EC945744DEE8}.Release|Any CPU.ActiveCfg = Release|Any CPU
		{6A1ABCCF-D7C4-48AE-B85C-EC945744DEE8}.Release|Any CPU.Build.0 = Release|Any CPU
	EndGlobalSection
	GlobalSection(SolutionProperties) = preSolution
		HideSolutionNode = FALSE
	EndGlobalSection
	GlobalSection(ExtensibilityGlobals) = postSolution
		SolutionGuid = {02B5BC46-BB40-44E7-A2DB-99BF67C8C8F4}
	EndGlobalSection
EndGlobal
