
Microsoft Visual Studio Solution File, Format Version 12.00
# Visual Studio Version 17
VisualStudioVersion = 17.8.34408.163
MinimumVisualStudioVersion = 10.0.40219.1
Project("{FAE04EC0-301F-11D3-BF4B-00C04F79EFBC}") = "AspNetCoreMVCControllerSample", "AspNetCoreMVCControllerSample.csproj", "{7DF35F0A-171E-42D3-8659-D4B216200C03}"
EndProject
Global
	GlobalSection(SolutionConfigurationPlatforms) = preSolution
		Debug|Any CPU = Debug|Any CPU
		Release|Any CPU = Release|Any CPU
	EndGlobalSection
	GlobalSection(ProjectConfigurationPlatforms) = postSolution
		{7DF35F0A-171E-42D3-8659-D4B216200C03}.Debug|Any CPU.ActiveCfg = Debug|Any CPU
		{7DF35F0A-171E-42D3-8659-D4B216200C03}.Debug|Any CPU.Build.0 = Debug|Any CPU
		{7DF35F0A-171E-42D3-8659-D4B216200C03}.Release|Any CPU.ActiveCfg = Release|Any CPU
		{7DF35F0A-171E-42D3-8659-D4B216200C03}.Release|Any CPU.Build.0 = Release|Any CPU
	EndGlobalSection
	GlobalSection(SolutionProperties) = preSolution
		HideSolutionNode = FALSE
	EndGlobalSection
	GlobalSection(ExtensibilityGlobals) = postSolution
		SolutionGuid = {0FAAE675-C774-45CD-A19E-22F1C52F0C78}
	EndGlobalSection
EndGlobal
