
Microsoft Visual Studio Solution File, Format Version 12.00
# Visual Studio Version 17
VisualStudioVersion = 17.9.34607.119
MinimumVisualStudioVersion = 10.0.40219.1
Project("{FAE04EC0-301F-11D3-BF4B-00C04F79EFBC}") = "HomeWork8", "HomeWork8\HomeWork8.csproj", "{1F733BB3-EC2E-4235-8B48-85312DA6CDBD}"
EndProject
Global
	GlobalSection(SolutionConfigurationPlatforms) = preSolution
		Debug|Any CPU = Debug|Any CPU
		Release|Any CPU = Release|Any CPU
	EndGlobalSection
	GlobalSection(ProjectConfigurationPlatforms) = postSolution
		{1F733BB3-EC2E-4235-8B48-85312DA6CDBD}.Debug|Any CPU.ActiveCfg = Debug|Any CPU
		{1F733BB3-EC2E-4235-8B48-85312DA6CDBD}.Debug|Any CPU.Build.0 = Debug|Any CPU
		{1F733BB3-EC2E-4235-8B48-85312DA6CDBD}.Release|Any CPU.ActiveCfg = Release|Any CPU
		{1F733BB3-EC2E-4235-8B48-85312DA6CDBD}.Release|Any CPU.Build.0 = Release|Any CPU
	EndGlobalSection
	GlobalSection(SolutionProperties) = preSolution
		HideSolutionNode = FALSE
	EndGlobalSection
	GlobalSection(ExtensibilityGlobals) = postSolution
		SolutionGuid = {96ABB1E3-3FB2-4991-8F40-8F1EDA1F3316}
	EndGlobalSection
EndGlobal
