
Microsoft Visual Studio Solution File, Format Version 12.00
# Visual Studio Version 17
VisualStudioVersion = 17.8.34511.84
MinimumVisualStudioVersion = 10.0.40219.1
Project("{9A19103F-16F7-4668-BE54-9A1E7A4F7556}") = "DZLesson18", "DZLesson17\DZLesson18.csproj", "{AA13AD97-9AB8-4CDF-915F-55EF2DD00233}"
EndProject
Project("{2150E333-8FDC-42A3-9474-1A3956D46DE8}") = "Solution Items", "Solution Items", "{4146E555-F669-4005-A77B-3E2CF27B0D56}"
EndProject
Global
	GlobalSection(SolutionConfigurationPlatforms) = preSolution
		Debug|Any CPU = Debug|Any CPU
		Release|Any CPU = Release|Any CPU
	EndGlobalSection
	GlobalSection(ProjectConfigurationPlatforms) = postSolution
		{AA13AD97-9AB8-4CDF-915F-55EF2DD00233}.Debug|Any CPU.ActiveCfg = Debug|Any CPU
		{AA13AD97-9AB8-4CDF-915F-55EF2DD00233}.Debug|Any CPU.Build.0 = Debug|Any CPU
		{AA13AD97-9AB8-4CDF-915F-55EF2DD00233}.Release|Any CPU.ActiveCfg = Release|Any CPU
		{AA13AD97-9AB8-4CDF-915F-55EF2DD00233}.Release|Any CPU.Build.0 = Release|Any CPU
	EndGlobalSection
	GlobalSection(SolutionProperties) = preSolution
		HideSolutionNode = FALSE
	EndGlobalSection
	GlobalSection(ExtensibilityGlobals) = postSolution
		SolutionGuid = {FEDB42AE-C707-481B-A857-26A798AF87E1}
	EndGlobalSection
EndGlobal
