
Microsoft Visual Studio Solution File, Format Version 12.00
# Visual Studio Version 17
VisualStudioVersion = 17.8.34511.84
MinimumVisualStudioVersion = 10.0.40219.1
Project("{FAE04EC0-301F-11D3-BF4B-00C04F79EFBC}") = "Lesson10work", "Lesson10work\Lesson10work.csproj", "{DA306BA7-CFB2-41EC-B458-9413072F5C67}"
EndProject
Global
	GlobalSection(SolutionConfigurationPlatforms) = preSolution
		Debug|Any CPU = Debug|Any CPU
		Release|Any CPU = Release|Any CPU
	EndGlobalSection
	GlobalSection(ProjectConfigurationPlatforms) = postSolution
		{DA306BA7-CFB2-41EC-B458-9413072F5C67}.Debug|Any CPU.ActiveCfg = Debug|Any CPU
		{DA306BA7-CFB2-41EC-B458-9413072F5C67}.Debug|Any CPU.Build.0 = Debug|Any CPU
		{DA306BA7-CFB2-41EC-B458-9413072F5C67}.Release|Any CPU.ActiveCfg = Release|Any CPU
		{DA306BA7-CFB2-41EC-B458-9413072F5C67}.Release|Any CPU.Build.0 = Release|Any CPU
	EndGlobalSection
	GlobalSection(SolutionProperties) = preSolution
		HideSolutionNode = FALSE
	EndGlobalSection
	GlobalSection(ExtensibilityGlobals) = postSolution
		SolutionGuid = {1BAC019D-B76E-47EC-B860-C82827F0FCB5}
	EndGlobalSection
EndGlobal
