
Microsoft Visual Studio Solution File, Format Version 12.00
# Visual Studio Version 17
VisualStudioVersion = 17.8.34525.116
MinimumVisualStudioVersion = 10.0.40219.1
Project("{9A19103F-16F7-4668-BE54-9A1E7A4F7556}") = "Lesson10", "Lesso10\Lesson10.csproj", "{E558C687-F5BB-4140-B1B7-10EC9E488A22}"
EndProject
Project("{FAE04EC0-301F-11D3-BF4B-00C04F79EFBC}") = "HomeWork10", "HomeWork10\HomeWork10.csproj", "{1F3A682B-1B37-46C0-AF63-09A56C281C4D}"
EndProject
Global
	GlobalSection(SolutionConfigurationPlatforms) = preSolution
		Debug|Any CPU = Debug|Any CPU
		Release|Any CPU = Release|Any CPU
	EndGlobalSection
	GlobalSection(ProjectConfigurationPlatforms) = postSolution
		{E558C687-F5BB-4140-B1B7-10EC9E488A22}.Debug|Any CPU.ActiveCfg = Debug|Any CPU
		{E558C687-F5BB-4140-B1B7-10EC9E488A22}.Debug|Any CPU.Build.0 = Debug|Any CPU
		{E558C687-F5BB-4140-B1B7-10EC9E488A22}.Release|Any CPU.ActiveCfg = Release|Any CPU
		{E558C687-F5BB-4140-B1B7-10EC9E488A22}.Release|Any CPU.Build.0 = Release|Any CPU
		{1F3A682B-1B37-46C0-AF63-09A56C281C4D}.Debug|Any CPU.ActiveCfg = Debug|Any CPU
		{1F3A682B-1B37-46C0-AF63-09A56C281C4D}.Debug|Any CPU.Build.0 = Debug|Any CPU
		{1F3A682B-1B37-46C0-AF63-09A56C281C4D}.Release|Any CPU.ActiveCfg = Release|Any CPU
		{1F3A682B-1B37-46C0-AF63-09A56C281C4D}.Release|Any CPU.Build.0 = Release|Any CPU
	EndGlobalSection
	GlobalSection(SolutionProperties) = preSolution
		HideSolutionNode = FALSE
	EndGlobalSection
	GlobalSection(ExtensibilityGlobals) = postSolution
		SolutionGuid = {F1CBEED4-E877-464B-AC1F-D25C53DBE6ED}
	EndGlobalSection
EndGlobal
