
Microsoft Visual Studio Solution File, Format Version 12.00
# Visual Studio Version 17
VisualStudioVersion = 17.9.34714.143
MinimumVisualStudioVersion = 10.0.40219.1
Project("{FAE04EC0-301F-11D3-BF4B-00C04F79EFBC}") = "Homework 14", "Homework 14\Homework 14.csproj", "{4BE045C1-8FC9-45C7-B34B-87DB67DDCA28}"
EndProject
Global
	GlobalSection(SolutionConfigurationPlatforms) = preSolution
		Debug|Any CPU = Debug|Any CPU
		Release|Any CPU = Release|Any CPU
	EndGlobalSection
	GlobalSection(ProjectConfigurationPlatforms) = postSolution
		{4BE045C1-8FC9-45C7-B34B-87DB67DDCA28}.Debug|Any CPU.ActiveCfg = Debug|Any CPU
		{4BE045C1-8FC9-45C7-B34B-87DB67DDCA28}.Debug|Any CPU.Build.0 = Debug|Any CPU
		{4BE045C1-8FC9-45C7-B34B-87DB67DDCA28}.Release|Any CPU.ActiveCfg = Release|Any CPU
		{4BE045C1-8FC9-45C7-B34B-87DB67DDCA28}.Release|Any CPU.Build.0 = Release|Any CPU
	EndGlobalSection
	GlobalSection(SolutionProperties) = preSolution
		HideSolutionNode = FALSE
	EndGlobalSection
	GlobalSection(ExtensibilityGlobals) = postSolution
		SolutionGuid = {413F8194-8E51-4D54-9F9C-2DBB846A862E}
	EndGlobalSection
EndGlobal
