
Microsoft Visual Studio Solution File, Format Version 12.00
# Visual Studio Version 17
VisualStudioVersion = 17.8.34511.84
MinimumVisualStudioVersion = 10.0.40219.1
Project("{FAE04EC0-301F-11D3-BF4B-00C04F79EFBC}") = "MeetingRoomWebApi", "MeetingRoomWebApi\MeetingRoomWebApi.csproj", "{3E1AE87F-C483-4EC4-87BD-17DF4D209B01}"
EndProject
Project("{FAE04EC0-301F-11D3-BF4B-00C04F79EFBC}") = "DAL", "DAL\DAL.csproj", "{7809D6E3-8E86-4BD5-9A15-1CF2A3A74DA5}"
EndProject
Global
	GlobalSection(SolutionConfigurationPlatforms) = preSolution
		Debug|Any CPU = Debug|Any CPU
		Release|Any CPU = Release|Any CPU
	EndGlobalSection
	GlobalSection(ProjectConfigurationPlatforms) = postSolution
		{3E1AE87F-C483-4EC4-87BD-17DF4D209B01}.Debug|Any CPU.ActiveCfg = Debug|Any CPU
		{3E1AE87F-C483-4EC4-87BD-17DF4D209B01}.Debug|Any CPU.Build.0 = Debug|Any CPU
		{3E1AE87F-C483-4EC4-87BD-17DF4D209B01}.Release|Any CPU.ActiveCfg = Release|Any CPU
		{3E1AE87F-C483-4EC4-87BD-17DF4D209B01}.Release|Any CPU.Build.0 = Release|Any CPU
		{7809D6E3-8E86-4BD5-9A15-1CF2A3A74DA5}.Debug|Any CPU.ActiveCfg = Debug|Any CPU
		{7809D6E3-8E86-4BD5-9A15-1CF2A3A74DA5}.Debug|Any CPU.Build.0 = Debug|Any CPU
		{7809D6E3-8E86-4BD5-9A15-1CF2A3A74DA5}.Release|Any CPU.ActiveCfg = Release|Any CPU
		{7809D6E3-8E86-4BD5-9A15-1CF2A3A74DA5}.Release|Any CPU.Build.0 = Release|Any CPU
	EndGlobalSection
	GlobalSection(SolutionProperties) = preSolution
		HideSolutionNode = FALSE
	EndGlobalSection
	GlobalSection(ExtensibilityGlobals) = postSolution
		SolutionGuid = {A4CB7832-506F-43C9-A62A-550296B18BBE}
	EndGlobalSection
EndGlobal
