
Microsoft Visual Studio Solution File, Format Version 12.00
# Visual Studio Version 17
VisualStudioVersion = 17.8.34511.84
MinimumVisualStudioVersion = 10.0.40219.1
Project("{FAE04EC0-301F-11D3-BF4B-00C04F79EFBC}") = "hw16", "hw16\hw16.csproj", "{6803B5F5-5F25-4E07-BAF1-F9927C7C256F}"
EndProject
Project("{2150E333-8FDC-42A3-9474-1A3956D46DE8}") = "Solution Items", "Solution Items", "{27705E45-E245-44FF-AFBD-EB975517F8A3}"
	ProjectSection(SolutionItems) = preProject
		Startup.cs = Startup.cs
	EndProjectSection
EndProject
Global
	GlobalSection(SolutionConfigurationPlatforms) = preSolution
		Debug|Any CPU = Debug|Any CPU
		Release|Any CPU = Release|Any CPU
	EndGlobalSection
	GlobalSection(ProjectConfigurationPlatforms) = postSolution
		{6803B5F5-5F25-4E07-BAF1-F9927C7C256F}.Debug|Any CPU.ActiveCfg = Debug|Any CPU
		{6803B5F5-5F25-4E07-BAF1-F9927C7C256F}.Debug|Any CPU.Build.0 = Debug|Any CPU
		{6803B5F5-5F25-4E07-BAF1-F9927C7C256F}.Release|Any CPU.ActiveCfg = Release|Any CPU
		{6803B5F5-5F25-4E07-BAF1-F9927C7C256F}.Release|Any CPU.Build.0 = Release|Any CPU
	EndGlobalSection
	GlobalSection(SolutionProperties) = preSolution
		HideSolutionNode = FALSE
	EndGlobalSection
	GlobalSection(ExtensibilityGlobals) = postSolution
		SolutionGuid = {5CABBB32-B52F-4B08-AD21-A442E4D49946}
	EndGlobalSection
EndGlobal
