
Microsoft Visual Studio Solution File, Format Version 12.00
# Visual Studio Version 17
VisualStudioVersion = 17.8.34601.278
MinimumVisualStudioVersion = 10.0.40219.1
Project("{FAE04EC0-301F-11D3-BF4B-00C04F79EFBC}") = "Homework_Lesson11", "Homework_Lesson11.csproj", "{6F6B3D9C-E085-4B68-9248-E9B90F84E169}"
EndProject
Global
	GlobalSection(SolutionConfigurationPlatforms) = preSolution
		Debug|Any CPU = Debug|Any CPU
		Release|Any CPU = Release|Any CPU
	EndGlobalSection
	GlobalSection(ProjectConfigurationPlatforms) = postSolution
		{6F6B3D9C-E085-4B68-9248-E9B90F84E169}.Debug|Any CPU.ActiveCfg = Debug|Any CPU
		{6F6B3D9C-E085-4B68-9248-E9B90F84E169}.Debug|Any CPU.Build.0 = Debug|Any CPU
		{6F6B3D9C-E085-4B68-9248-E9B90F84E169}.Release|Any CPU.ActiveCfg = Release|Any CPU
		{6F6B3D9C-E085-4B68-9248-E9B90F84E169}.Release|Any CPU.Build.0 = Release|Any CPU
	EndGlobalSection
	GlobalSection(SolutionProperties) = preSolution
		HideSolutionNode = FALSE
	EndGlobalSection
	GlobalSection(ExtensibilityGlobals) = postSolution
		SolutionGuid = {612E4C41-5FDD-497A-A57B-63B49B87898F}
	EndGlobalSection
EndGlobal
