
Microsoft Visual Studio Solution File, Format Version 12.00
# Visual Studio Version 17
VisualStudioVersion = 17.8.34511.84
MinimumVisualStudioVersion = 10.0.40219.1
Project("{FAE04EC0-301F-11D3-BF4B-00C04F79EFBC}") = "HomeWork16-18(IvanNepo)", "HomeWork16-18(IvanNepo)\HomeWork16-18(IvanNepo).csproj", "{91EB8941-5275-46CE-ACC6-128E912593BC}"
EndProject
Global
	GlobalSection(SolutionConfigurationPlatforms) = preSolution
		Debug|Any CPU = Debug|Any CPU
		Release|Any CPU = Release|Any CPU
	EndGlobalSection
	GlobalSection(ProjectConfigurationPlatforms) = postSolution
		{91EB8941-5275-46CE-ACC6-128E912593BC}.Debug|Any CPU.ActiveCfg = Debug|Any CPU
		{91EB8941-5275-46CE-ACC6-128E912593BC}.Debug|Any CPU.Build.0 = Debug|Any CPU
		{91EB8941-5275-46CE-ACC6-128E912593BC}.Release|Any CPU.ActiveCfg = Release|Any CPU
		{91EB8941-5275-46CE-ACC6-128E912593BC}.Release|Any CPU.Build.0 = Release|Any CPU
	EndGlobalSection
	GlobalSection(SolutionProperties) = preSolution
		HideSolutionNode = FALSE
	EndGlobalSection
	GlobalSection(ExtensibilityGlobals) = postSolution
		SolutionGuid = {C0482DDA-2E96-4EE2-8366-AFD09AB0BF74}
	EndGlobalSection
EndGlobal
