
Microsoft Visual Studio Solution File, Format Version 12.00
# Visual Studio Version 17
VisualStudioVersion = 17.9.34714.143
MinimumVisualStudioVersion = 10.0.40219.1
Project("{FAE04EC0-301F-11D3-BF4B-00C04F79EFBC}") = "Homework 13", "Homework 13\Homework 13.csproj", "{2D46294C-D599-4190-B074-26B380B0BF30}"
EndProject
Global
	GlobalSection(SolutionConfigurationPlatforms) = preSolution
		Debug|Any CPU = Debug|Any CPU
		Release|Any CPU = Release|Any CPU
	EndGlobalSection
	GlobalSection(ProjectConfigurationPlatforms) = postSolution
		{2D46294C-D599-4190-B074-26B380B0BF30}.Debug|Any CPU.ActiveCfg = Debug|Any CPU
		{2D46294C-D599-4190-B074-26B380B0BF30}.Debug|Any CPU.Build.0 = Debug|Any CPU
		{2D46294C-D599-4190-B074-26B380B0BF30}.Release|Any CPU.ActiveCfg = Release|Any CPU
		{2D46294C-D599-4190-B074-26B380B0BF30}.Release|Any CPU.Build.0 = Release|Any CPU
	EndGlobalSection
	GlobalSection(SolutionProperties) = preSolution
		HideSolutionNode = FALSE
	EndGlobalSection
	GlobalSection(ExtensibilityGlobals) = postSolution
		SolutionGuid = {86B5DC6B-A38E-4CE7-80C3-E700A6DE29E2}
	EndGlobalSection
EndGlobal
