
Microsoft Visual Studio Solution File, Format Version 12.00
# Visual Studio Version 17
VisualStudioVersion = 17.8.34525.116
MinimumVisualStudioVersion = 10.0.40219.1
Project("{FAE04EC0-301F-11D3-BF4B-00C04F79EFBC}") = "Lesson10", "ConsoleApp1\Lesson10.csproj", "{1B3B5E05-312E-4FE1-AF9B-A1ECC6ECD35F}"
EndProject
Global
	GlobalSection(SolutionConfigurationPlatforms) = preSolution
		Debug|Any CPU = Debug|Any CPU
		Release|Any CPU = Release|Any CPU
	EndGlobalSection
	GlobalSection(ProjectConfigurationPlatforms) = postSolution
		{1B3B5E05-312E-4FE1-AF9B-A1ECC6ECD35F}.Debug|Any CPU.ActiveCfg = Debug|Any CPU
		{1B3B5E05-312E-4FE1-AF9B-A1ECC6ECD35F}.Debug|Any CPU.Build.0 = Debug|Any CPU
		{1B3B5E05-312E-4FE1-AF9B-A1ECC6ECD35F}.Release|Any CPU.ActiveCfg = Release|Any CPU
		{1B3B5E05-312E-4FE1-AF9B-A1ECC6ECD35F}.Release|Any CPU.Build.0 = Release|Any CPU
	EndGlobalSection
	GlobalSection(SolutionProperties) = preSolution
		HideSolutionNode = FALSE
	EndGlobalSection
	GlobalSection(ExtensibilityGlobals) = postSolution
		SolutionGuid = {040A7E6C-DDF9-4581-BDF9-BC44B01736BE}
	EndGlobalSection
EndGlobal
