
Microsoft Visual Studio Solution File, Format Version 12.00
# Visual Studio Version 17
VisualStudioVersion = 17.9.34616.47
MinimumVisualStudioVersion = 10.0.40219.1
Project("{FAE04EC0-301F-11D3-BF4B-00C04F79EFBC}") = "Lesson16", "Lesson16.csproj", "{5AFC0A74-6B57-4AB1-9E39-30F29528E24E}"
EndProject
Global
	GlobalSection(SolutionConfigurationPlatforms) = preSolution
		Debug|Any CPU = Debug|Any CPU
		Release|Any CPU = Release|Any CPU
	EndGlobalSection
	GlobalSection(ProjectConfigurationPlatforms) = postSolution
		{5AFC0A74-6B57-4AB1-9E39-30F29528E24E}.Debug|Any CPU.ActiveCfg = Debug|Any CPU
		{5AFC0A74-6B57-4AB1-9E39-30F29528E24E}.Debug|Any CPU.Build.0 = Debug|Any CPU
		{5AFC0A74-6B57-4AB1-9E39-30F29528E24E}.Release|Any CPU.ActiveCfg = Release|Any CPU
		{5AFC0A74-6B57-4AB1-9E39-30F29528E24E}.Release|Any CPU.Build.0 = Release|Any CPU
	EndGlobalSection
	GlobalSection(SolutionProperties) = preSolution
		HideSolutionNode = FALSE
	EndGlobalSection
	GlobalSection(ExtensibilityGlobals) = postSolution
		SolutionGuid = {367471F7-A408-4170-B779-A3D5246096F5}
	EndGlobalSection
EndGlobal
